
Microsoft Visual Studio Solution File, Format Version 12.00
# Visual Studio Version 16
VisualStudioVersion = 16.0.31019.35
MinimumVisualStudioVersion = 10.0.40219.1
Project("{9A19103F-16F7-4668-BE54-9A1E7A4F7556}") = "New project", "New project\New project.csproj", "{FF9A29D3-6B67-48E8-BF81-B850FC185F12}"
EndProject
Project("{FAE04EC0-301F-11D3-BF4B-00C04F79EFBC}") = "TestReturn", "TestReturn\TestReturn.csproj", "{AAA9E7BC-F281-4C01-A675-3E8C97292284}"
EndProject
Global
	GlobalSection(SolutionConfigurationPlatforms) = preSolution
		Debug|Any CPU = Debug|Any CPU
		Release|Any CPU = Release|Any CPU
	EndGlobalSection
	GlobalSection(ProjectConfigurationPlatforms) = postSolution
		{FF9A29D3-6B67-48E8-BF81-B850FC185F12}.Debug|Any CPU.ActiveCfg = Debug|Any CPU
		{FF9A29D3-6B67-48E8-BF81-B850FC185F12}.Debug|Any CPU.Build.0 = Debug|Any CPU
		{FF9A29D3-6B67-48E8-BF81-B850FC185F12}.Release|Any CPU.ActiveCfg = Release|Any CPU
		{FF9A29D3-6B67-48E8-BF81-B850FC185F12}.Release|Any CPU.Build.0 = Release|Any CPU
		{AAA9E7BC-F281-4C01-A675-3E8C97292284}.Debug|Any CPU.ActiveCfg = Debug|Any CPU
		{AAA9E7BC-F281-4C01-A675-3E8C97292284}.Debug|Any CPU.Build.0 = Debug|Any CPU
		{AAA9E7BC-F281-4C01-A675-3E8C97292284}.Release|Any CPU.ActiveCfg = Release|Any CPU
		{AAA9E7BC-F281-4C01-A675-3E8C97292284}.Release|Any CPU.Build.0 = Release|Any CPU
	EndGlobalSection
	GlobalSection(SolutionProperties) = preSolution
		HideSolutionNode = FALSE
	EndGlobalSection
	GlobalSection(ExtensibilityGlobals) = postSolution
		SolutionGuid = {4904B2A2-C0BF-4857-826D-A1DA2C5541ED}
	EndGlobalSection
EndGlobal
