
Microsoft Visual Studio Solution File, Format Version 12.00
# Visual Studio Version 16
VisualStudioVersion = 16.0.31019.35
MinimumVisualStudioVersion = 10.0.40219.1
Project("{9A19103F-16F7-4668-BE54-9A1E7A4F7556}") = "New project", "New project\New project.csproj", "{FF9A29D3-6B67-48E8-BF81-B850FC185F12}"
EndProject
Project("{9A19103F-16F7-4668-BE54-9A1E7A4F7556}") = "ReadingFile", "ReadFile\ReadingFile.csproj", "{32EFB05A-7C4D-4F6A-B1CA-113F6D2961B7}"
EndProject
Project("{9A19103F-16F7-4668-BE54-9A1E7A4F7556}") = "Variables", "Variables\Variables.csproj", "{709488E0-83C8-4F12-AD29-E24370EC5B8A}"
EndProject
Project("{9A19103F-16F7-4668-BE54-9A1E7A4F7556}") = "Colors", "Colors\Colors.csproj", "{5D881185-E866-41F1-8567-29743145730A}"
EndProject
Project("{9A19103F-16F7-4668-BE54-9A1E7A4F7556}") = "Parking", "Parking\Parking.csproj", "{785EC628-5AE1-44A3-9835-4D4CAEA2AAE6}"
EndProject
Project("{9A19103F-16F7-4668-BE54-9A1E7A4F7556}") = "StackData", "StackData\StackData.csproj", "{3D070663-57DB-439F-9DBD-D665AEA6AD1F}"
EndProject
Project("{9A19103F-16F7-4668-BE54-9A1E7A4F7556}") = "Words", "Words\Words.csproj", "{33277864-CBCB-4F89-9DED-9988D43DEED5}"
EndProject
Project("{9A19103F-16F7-4668-BE54-9A1E7A4F7556}") = "DictionaryLesson", "DictionaryLesson\DictionaryLesson.csproj", "{F0D6090E-83C7-4027-BDD2-7277FDF6E4C2}"
EndProject
Project("{FAE04EC0-301F-11D3-BF4B-00C04F79EFBC}") = "WiredBrain", "WiredBrain\WiredBrain.csproj", "{49B07907-5217-4ECB-B661-4FBF01155B17}"
EndProject
Global
	GlobalSection(SolutionConfigurationPlatforms) = preSolution
		Debug|Any CPU = Debug|Any CPU
		Release|Any CPU = Release|Any CPU
	EndGlobalSection
	GlobalSection(ProjectConfigurationPlatforms) = postSolution
		{FF9A29D3-6B67-48E8-BF81-B850FC185F12}.Debug|Any CPU.ActiveCfg = Debug|Any CPU
		{FF9A29D3-6B67-48E8-BF81-B850FC185F12}.Debug|Any CPU.Build.0 = Debug|Any CPU
		{FF9A29D3-6B67-48E8-BF81-B850FC185F12}.Release|Any CPU.ActiveCfg = Release|Any CPU
		{FF9A29D3-6B67-48E8-BF81-B850FC185F12}.Release|Any CPU.Build.0 = Release|Any CPU
		{32EFB05A-7C4D-4F6A-B1CA-113F6D2961B7}.Debug|Any CPU.ActiveCfg = Debug|Any CPU
		{32EFB05A-7C4D-4F6A-B1CA-113F6D2961B7}.Debug|Any CPU.Build.0 = Debug|Any CPU
		{32EFB05A-7C4D-4F6A-B1CA-113F6D2961B7}.Release|Any CPU.ActiveCfg = Release|Any CPU
		{32EFB05A-7C4D-4F6A-B1CA-113F6D2961B7}.Release|Any CPU.Build.0 = Release|Any CPU
		{709488E0-83C8-4F12-AD29-E24370EC5B8A}.Debug|Any CPU.ActiveCfg = Debug|Any CPU
		{709488E0-83C8-4F12-AD29-E24370EC5B8A}.Debug|Any CPU.Build.0 = Debug|Any CPU
		{709488E0-83C8-4F12-AD29-E24370EC5B8A}.Release|Any CPU.ActiveCfg = Release|Any CPU
		{709488E0-83C8-4F12-AD29-E24370EC5B8A}.Release|Any CPU.Build.0 = Release|Any CPU
		{5D881185-E866-41F1-8567-29743145730A}.Debug|Any CPU.ActiveCfg = Debug|Any CPU
		{5D881185-E866-41F1-8567-29743145730A}.Debug|Any CPU.Build.0 = Debug|Any CPU
		{5D881185-E866-41F1-8567-29743145730A}.Release|Any CPU.ActiveCfg = Release|Any CPU
		{5D881185-E866-41F1-8567-29743145730A}.Release|Any CPU.Build.0 = Release|Any CPU
		{785EC628-5AE1-44A3-9835-4D4CAEA2AAE6}.Debug|Any CPU.ActiveCfg = Debug|Any CPU
		{785EC628-5AE1-44A3-9835-4D4CAEA2AAE6}.Debug|Any CPU.Build.0 = Debug|Any CPU
		{785EC628-5AE1-44A3-9835-4D4CAEA2AAE6}.Release|Any CPU.ActiveCfg = Release|Any CPU
		{785EC628-5AE1-44A3-9835-4D4CAEA2AAE6}.Release|Any CPU.Build.0 = Release|Any CPU
		{3D070663-57DB-439F-9DBD-D665AEA6AD1F}.Debug|Any CPU.ActiveCfg = Debug|Any CPU
		{3D070663-57DB-439F-9DBD-D665AEA6AD1F}.Debug|Any CPU.Build.0 = Debug|Any CPU
		{3D070663-57DB-439F-9DBD-D665AEA6AD1F}.Release|Any CPU.ActiveCfg = Release|Any CPU
		{3D070663-57DB-439F-9DBD-D665AEA6AD1F}.Release|Any CPU.Build.0 = Release|Any CPU
		{33277864-CBCB-4F89-9DED-9988D43DEED5}.Debug|Any CPU.ActiveCfg = Debug|Any CPU
		{33277864-CBCB-4F89-9DED-9988D43DEED5}.Debug|Any CPU.Build.0 = Debug|Any CPU
		{33277864-CBCB-4F89-9DED-9988D43DEED5}.Release|Any CPU.ActiveCfg = Release|Any CPU
		{33277864-CBCB-4F89-9DED-9988D43DEED5}.Release|Any CPU.Build.0 = Release|Any CPU
		{F0D6090E-83C7-4027-BDD2-7277FDF6E4C2}.Debug|Any CPU.ActiveCfg = Debug|Any CPU
		{F0D6090E-83C7-4027-BDD2-7277FDF6E4C2}.Debug|Any CPU.Build.0 = Debug|Any CPU
		{F0D6090E-83C7-4027-BDD2-7277FDF6E4C2}.Release|Any CPU.ActiveCfg = Release|Any CPU
		{F0D6090E-83C7-4027-BDD2-7277FDF6E4C2}.Release|Any CPU.Build.0 = Release|Any CPU
		{49B07907-5217-4ECB-B661-4FBF01155B17}.Debug|Any CPU.ActiveCfg = Debug|Any CPU
		{49B07907-5217-4ECB-B661-4FBF01155B17}.Debug|Any CPU.Build.0 = Debug|Any CPU
		{49B07907-5217-4ECB-B661-4FBF01155B17}.Release|Any CPU.ActiveCfg = Release|Any CPU
		{49B07907-5217-4ECB-B661-4FBF01155B17}.Release|Any CPU.Build.0 = Release|Any CPU
	EndGlobalSection
	GlobalSection(SolutionProperties) = preSolution
		HideSolutionNode = FALSE
	EndGlobalSection
	GlobalSection(ExtensibilityGlobals) = postSolution
		SolutionGuid = {4904B2A2-C0BF-4857-826D-A1DA2C5541ED}
	EndGlobalSection
EndGlobal
